
Microsoft Visual Studio Solution File, Format Version 12.00
# Visual Studio Version 16
VisualStudioVersion = 16.0.30320.27
MinimumVisualStudioVersion = 10.0.40219.1
Project("{2150E333-8FDC-42A3-9474-1A3956D46DE8}") = "Web", "Web", "{4724E60D-D414-4E69-B201-4AA8EF516E9C}"
EndProject
Project("{2150E333-8FDC-42A3-9474-1A3956D46DE8}") = "Data", "Data", "{0FA93D24-1074-4641-A3E9-F59D9DAD2645}"
EndProject
Project("{2150E333-8FDC-42A3-9474-1A3956D46DE8}") = "Services", "Services", "{04C84E0C-B3DE-47EE-9662-A92612722FAC}"
EndProject
Project("{9A19103F-16F7-4668-BE54-9A1E7A4F7556}") = "PhotoApp.Web.ViewModels", "Web\PhotoApp.Web.ViewModels\PhotoApp.Web.ViewModels.csproj", "{5D22E358-895A-48DC-97B9-C1C41C32AEB3}"
EndProject
Project("{9A19103F-16F7-4668-BE54-9A1E7A4F7556}") = "PhotoApp.Services.Models", "Services\PhotoApp.Services.Models\PhotoApp.Services.Models.csproj", "{90FC359C-79A0-44E4-BC18-A3FA7E6229D4}"
EndProject
Project("{9A19103F-16F7-4668-BE54-9A1E7A4F7556}") = "PhotoApp.Services", "Services\PhotoApp.Services\PhotoApp.Services.csproj", "{164AD627-B8FB-4DDC-9514-F8776F22A379}"
EndProject
Project("{9A19103F-16F7-4668-BE54-9A1E7A4F7556}") = "PhotoApp.Data.Models", "Data\PhotoApp.Data.Models\PhotoApp.Data.Models.csproj", "{C37D62EB-808A-4878-A640-6A77A43AF3F1}"
EndProject
Project("{9A19103F-16F7-4668-BE54-9A1E7A4F7556}") = "PhotoApp.Common", "PhotoApp.Common\PhotoApp.Common.csproj", "{4CAF5291-2EF1-4136-A759-ACE231331E25}"
EndProject
Project("{9A19103F-16F7-4668-BE54-9A1E7A4F7556}") = "PhotoApp.Web", "Web\PhotoApp.Web\PhotoApp.Web.csproj", "{4E673329-13C2-48A5-BEF5-D665BA35AA31}"
EndProject
Project("{2150E333-8FDC-42A3-9474-1A3956D46DE8}") = "src", "src", "{3545DE47-E8BD-494C-9CC1-FCB62B3BAF20}"
EndProject
Project("{2150E333-8FDC-42A3-9474-1A3956D46DE8}") = "tests", "tests", "{BB0184F6-F73C-4557-847B-A244B4A27A96}"
EndProject
Project("{9A19103F-16F7-4668-BE54-9A1E7A4F7556}") = "PhotoApp.Tests", "..\tests\PhotoApp.Tests\PhotoApp.Tests.csproj", "{1D67BD89-B8F1-4ABA-814A-01BE39C27A83}"
EndProject
Project("{9A19103F-16F7-4668-BE54-9A1E7A4F7556}") = "PhotoApp.Data", "Data\PhotoApp.Data\PhotoApp.Data.csproj", "{E2A9EA1C-E323-4074-A939-01E60FFC31ED}"
EndProject
Global
	GlobalSection(SolutionConfigurationPlatforms) = preSolution
		Debug|Any CPU = Debug|Any CPU
		Release|Any CPU = Release|Any CPU
	EndGlobalSection
	GlobalSection(ProjectConfigurationPlatforms) = postSolution
		{5D22E358-895A-48DC-97B9-C1C41C32AEB3}.Debug|Any CPU.ActiveCfg = Debug|Any CPU
		{5D22E358-895A-48DC-97B9-C1C41C32AEB3}.Debug|Any CPU.Build.0 = Debug|Any CPU
		{5D22E358-895A-48DC-97B9-C1C41C32AEB3}.Release|Any CPU.ActiveCfg = Release|Any CPU
		{5D22E358-895A-48DC-97B9-C1C41C32AEB3}.Release|Any CPU.Build.0 = Release|Any CPU
		{90FC359C-79A0-44E4-BC18-A3FA7E6229D4}.Debug|Any CPU.ActiveCfg = Debug|Any CPU
		{90FC359C-79A0-44E4-BC18-A3FA7E6229D4}.Debug|Any CPU.Build.0 = Debug|Any CPU
		{90FC359C-79A0-44E4-BC18-A3FA7E6229D4}.Release|Any CPU.ActiveCfg = Release|Any CPU
		{90FC359C-79A0-44E4-BC18-A3FA7E6229D4}.Release|Any CPU.Build.0 = Release|Any CPU
		{164AD627-B8FB-4DDC-9514-F8776F22A379}.Debug|Any CPU.ActiveCfg = Debug|Any CPU
		{164AD627-B8FB-4DDC-9514-F8776F22A379}.Debug|Any CPU.Build.0 = Debug|Any CPU
		{164AD627-B8FB-4DDC-9514-F8776F22A379}.Release|Any CPU.ActiveCfg = Release|Any CPU
		{164AD627-B8FB-4DDC-9514-F8776F22A379}.Release|Any CPU.Build.0 = Release|Any CPU
		{C37D62EB-808A-4878-A640-6A77A43AF3F1}.Debug|Any CPU.ActiveCfg = Debug|Any CPU
		{C37D62EB-808A-4878-A640-6A77A43AF3F1}.Debug|Any CPU.Build.0 = Debug|Any CPU
		{C37D62EB-808A-4878-A640-6A77A43AF3F1}.Release|Any CPU.ActiveCfg = Release|Any CPU
		{C37D62EB-808A-4878-A640-6A77A43AF3F1}.Release|Any CPU.Build.0 = Release|Any CPU
		{4CAF5291-2EF1-4136-A759-ACE231331E25}.Debug|Any CPU.ActiveCfg = Debug|Any CPU
		{4CAF5291-2EF1-4136-A759-ACE231331E25}.Debug|Any CPU.Build.0 = Debug|Any CPU
		{4CAF5291-2EF1-4136-A759-ACE231331E25}.Release|Any CPU.ActiveCfg = Release|Any CPU
		{4CAF5291-2EF1-4136-A759-ACE231331E25}.Release|Any CPU.Build.0 = Release|Any CPU
		{4E673329-13C2-48A5-BEF5-D665BA35AA31}.Debug|Any CPU.ActiveCfg = Debug|Any CPU
		{4E673329-13C2-48A5-BEF5-D665BA35AA31}.Debug|Any CPU.Build.0 = Debug|Any CPU
		{4E673329-13C2-48A5-BEF5-D665BA35AA31}.Release|Any CPU.ActiveCfg = Release|Any CPU
		{4E673329-13C2-48A5-BEF5-D665BA35AA31}.Release|Any CPU.Build.0 = Release|Any CPU
		{1D67BD89-B8F1-4ABA-814A-01BE39C27A83}.Debug|Any CPU.ActiveCfg = Debug|Any CPU
		{1D67BD89-B8F1-4ABA-814A-01BE39C27A83}.Debug|Any CPU.Build.0 = Debug|Any CPU
		{1D67BD89-B8F1-4ABA-814A-01BE39C27A83}.Release|Any CPU.ActiveCfg = Release|Any CPU
		{1D67BD89-B8F1-4ABA-814A-01BE39C27A83}.Release|Any CPU.Build.0 = Release|Any CPU
		{E2A9EA1C-E323-4074-A939-01E60FFC31ED}.Debug|Any CPU.ActiveCfg = Debug|Any CPU
		{E2A9EA1C-E323-4074-A939-01E60FFC31ED}.Debug|Any CPU.Build.0 = Debug|Any CPU
		{E2A9EA1C-E323-4074-A939-01E60FFC31ED}.Release|Any CPU.ActiveCfg = Release|Any CPU
		{E2A9EA1C-E323-4074-A939-01E60FFC31ED}.Release|Any CPU.Build.0 = Release|Any CPU
	EndGlobalSection
	GlobalSection(SolutionProperties) = preSolution
		HideSolutionNode = FALSE
	EndGlobalSection
	GlobalSection(NestedProjects) = preSolution
		{4724E60D-D414-4E69-B201-4AA8EF516E9C} = {3545DE47-E8BD-494C-9CC1-FCB62B3BAF20}
		{0FA93D24-1074-4641-A3E9-F59D9DAD2645} = {3545DE47-E8BD-494C-9CC1-FCB62B3BAF20}
		{04C84E0C-B3DE-47EE-9662-A92612722FAC} = {3545DE47-E8BD-494C-9CC1-FCB62B3BAF20}
		{5D22E358-895A-48DC-97B9-C1C41C32AEB3} = {4724E60D-D414-4E69-B201-4AA8EF516E9C}
		{90FC359C-79A0-44E4-BC18-A3FA7E6229D4} = {04C84E0C-B3DE-47EE-9662-A92612722FAC}
		{164AD627-B8FB-4DDC-9514-F8776F22A379} = {04C84E0C-B3DE-47EE-9662-A92612722FAC}
		{C37D62EB-808A-4878-A640-6A77A43AF3F1} = {0FA93D24-1074-4641-A3E9-F59D9DAD2645}
		{4CAF5291-2EF1-4136-A759-ACE231331E25} = {3545DE47-E8BD-494C-9CC1-FCB62B3BAF20}
		{4E673329-13C2-48A5-BEF5-D665BA35AA31} = {4724E60D-D414-4E69-B201-4AA8EF516E9C}
		{1D67BD89-B8F1-4ABA-814A-01BE39C27A83} = {BB0184F6-F73C-4557-847B-A244B4A27A96}
		{E2A9EA1C-E323-4074-A939-01E60FFC31ED} = {0FA93D24-1074-4641-A3E9-F59D9DAD2645}
	EndGlobalSection
	GlobalSection(ExtensibilityGlobals) = postSolution
		SolutionGuid = {B084B693-985C-4D4C-95F1-F079DA640DAF}
	EndGlobalSection
EndGlobal
